
Microsoft Visual Studio Solution File, Format Version 12.00
# Visual Studio 15
VisualStudioVersion = 15.0.27130.2027
MinimumVisualStudioVersion = 10.0.40219.1
Project("{9A19103F-16F7-4668-BE54-9A1E7A4F7556}") = "AlexaThermostatSkill", "AlexaThermostatSkill\AlexaThermostatSkill.csproj", "{E475C953-D9AE-4D64-827E-B4D104557F82}"
EndProject
Global
	GlobalSection(SolutionConfigurationPlatforms) = preSolution
		Debug|Any CPU = Debug|Any CPU
		Release|Any CPU = Release|Any CPU
	EndGlobalSection
	GlobalSection(ProjectConfigurationPlatforms) = postSolution
		{E475C953-D9AE-4D64-827E-B4D104557F82}.Debug|Any CPU.ActiveCfg = Debug|Any CPU
		{E475C953-D9AE-4D64-827E-B4D104557F82}.Debug|Any CPU.Build.0 = Debug|Any CPU
		{E475C953-D9AE-4D64-827E-B4D104557F82}.Release|Any CPU.ActiveCfg = Release|Any CPU
		{E475C953-D9AE-4D64-827E-B4D104557F82}.Release|Any CPU.Build.0 = Release|Any CPU
	EndGlobalSection
	GlobalSection(SolutionProperties) = preSolution
		HideSolutionNode = FALSE
	EndGlobalSection
	GlobalSection(ExtensibilityGlobals) = postSolution
		SolutionGuid = {AB23617E-71C0-4B67-BDAB-8134CBB91C24}
	EndGlobalSection
EndGlobal
